
Microsoft Visual Studio Solution File, Format Version 12.00
# Visual Studio 2013
VisualStudioVersion = 12.0.21005.1
MinimumVisualStudioVersion = 10.0.40219.1
Project("{FAE04EC0-301F-11D3-BF4B-00C04F79EFBC}") = "ChildrenDeffenderWebAPI", "ChildrenDeffenderWebAPI\ChildrenDeffenderWebAPI.csproj", "{1A7E244D-B623-4133-8FF3-B1B570D9E386}"
EndProject
Project("{FAE04EC0-301F-11D3-BF4B-00C04F79EFBC}") = "ChildrenDeffenderForm", "ChildrenDeffenderForm\ChildrenDeffenderForm.csproj", "{156A14E2-8BCE-4FC5-8904-8F12D572036B}"
EndProject
Global
	GlobalSection(SolutionConfigurationPlatforms) = preSolution
		Debug|Any CPU = Debug|Any CPU
		Debug|x86 = Debug|x86
		Release|Any CPU = Release|Any CPU
		Release|x86 = Release|x86
	EndGlobalSection
	GlobalSection(ProjectConfigurationPlatforms) = postSolution
		{1A7E244D-B623-4133-8FF3-B1B570D9E386}.Debug|Any CPU.ActiveCfg = Debug|Any CPU
		{1A7E244D-B623-4133-8FF3-B1B570D9E386}.Debug|Any CPU.Build.0 = Debug|Any CPU
		{1A7E244D-B623-4133-8FF3-B1B570D9E386}.Debug|x86.ActiveCfg = Release|x86
		{1A7E244D-B623-4133-8FF3-B1B570D9E386}.Debug|x86.Build.0 = Release|x86
		{1A7E244D-B623-4133-8FF3-B1B570D9E386}.Release|Any CPU.ActiveCfg = Release|Any CPU
		{1A7E244D-B623-4133-8FF3-B1B570D9E386}.Release|Any CPU.Build.0 = Release|Any CPU
		{1A7E244D-B623-4133-8FF3-B1B570D9E386}.Release|x86.ActiveCfg = Release|x86
		{1A7E244D-B623-4133-8FF3-B1B570D9E386}.Release|x86.Build.0 = Release|x86
		{156A14E2-8BCE-4FC5-8904-8F12D572036B}.Debug|Any CPU.ActiveCfg = Debug|Any CPU
		{156A14E2-8BCE-4FC5-8904-8F12D572036B}.Debug|Any CPU.Build.0 = Debug|Any CPU
		{156A14E2-8BCE-4FC5-8904-8F12D572036B}.Debug|x86.ActiveCfg = Release|x86
		{156A14E2-8BCE-4FC5-8904-8F12D572036B}.Debug|x86.Build.0 = Release|x86
		{156A14E2-8BCE-4FC5-8904-8F12D572036B}.Release|Any CPU.ActiveCfg = Release|Any CPU
		{156A14E2-8BCE-4FC5-8904-8F12D572036B}.Release|Any CPU.Build.0 = Release|Any CPU
		{156A14E2-8BCE-4FC5-8904-8F12D572036B}.Release|x86.ActiveCfg = Release|x86
		{156A14E2-8BCE-4FC5-8904-8F12D572036B}.Release|x86.Build.0 = Release|x86
	EndGlobalSection
	GlobalSection(SolutionProperties) = preSolution
		HideSolutionNode = FALSE
	EndGlobalSection
EndGlobal
